// !$*UTF8*$!
{
	archiveVersion = 1;
	classes = {
	};
	objectVersion = 48;
	objects = {

/* Begin PBXBuildFile section */
		180FBA9B1F64350600E6AF68 /* ApplyTransitionSceneOperation.swift in Sources */ = {isa = PBXBuildFile; fileRef = 180FBA9A1F64350600E6AF68 /* ApplyTransitionSceneOperation.swift */; };
		1810B1701F685423003B9CA0 /* NavNavigator.swift in Sources */ = {isa = PBXBuildFile; fileRef = 1810B16F1F685423003B9CA0 /* NavNavigator.swift */; };
		1810B1721F685E9B003B9CA0 /* TabNavigator.swift in Sources */ = {isa = PBXBuildFile; fileRef = 1810B1711F685E9B003B9CA0 /* TabNavigator.swift */; };
		1810B1741F686D40003B9CA0 /* PreviewingNavigator.swift in Sources */ = {isa = PBXBuildFile; fileRef = 1810B1731F686D40003B9CA0 /* PreviewingNavigator.swift */; };
		1827747C1F5C3B8400CD935F /* SceneRendererTests.swift in Sources */ = {isa = PBXBuildFile; fileRef = 1827747B1F5C3B8400CD935F /* SceneRendererTests.swift */; };
		1827747E1F5C3B8400CD935F /* NavigatorSwift.framework in Frameworks */ = {isa = PBXBuildFile; fileRef = 6C27A94B1F59E1ED00311918 /* NavigatorSwift.framework */; };
		188DB1801F64644300E9024E /* SceneOperationsFactory.swift in Sources */ = {isa = PBXBuildFile; fileRef = 188DB17F1F64644300E9024E /* SceneOperationsFactory.swift */; };
		188DB1821F6466CF00E9024E /* OrderedSceneOperation.swift in Sources */ = {isa = PBXBuildFile; fileRef = 188DB1811F6466CF00E9024E /* OrderedSceneOperation.swift */; };
		18A4FE1E1F672D82007D8D50 /* Nav.swift in Sources */ = {isa = PBXBuildFile; fileRef = 18A4FE1D1F672D82007D8D50 /* Nav.swift */; };
		18F9408C1F5C9C980064D320 /* CollectionScenHandler.swift in Sources */ = {isa = PBXBuildFile; fileRef = 18F9408B1F5C9C980064D320 /* CollectionScenHandler.swift */; };
		18FFC3391F5DF00F0016FCDF /* NavigationRequestTests.swift in Sources */ = {isa = PBXBuildFile; fileRef = 18FFC3381F5DF00F0016FCDF /* NavigationRequestTests.swift */; };
		6C1322D31F5AD96600A7D3E9 /* UIViewController+Utils.swift in Sources */ = {isa = PBXBuildFile; fileRef = 6C1322D21F5AD96600A7D3E9 /* UIViewController+Utils.swift */; };
		6C1322DD1F5ADC4100A7D3E9 /* AppDelegate.swift in Sources */ = {isa = PBXBuildFile; fileRef = 6C1322DC1F5ADC4100A7D3E9 /* AppDelegate.swift */; };
		6C1322DF1F5ADC4100A7D3E9 /* ViewController.swift in Sources */ = {isa = PBXBuildFile; fileRef = 6C1322DE1F5ADC4100A7D3E9 /* ViewController.swift */; };
		6C1322E21F5ADC4100A7D3E9 /* Main.storyboard in Resources */ = {isa = PBXBuildFile; fileRef = 6C1322E01F5ADC4100A7D3E9 /* Main.storyboard */; };
		6C1322E41F5ADC4100A7D3E9 /* Assets.xcassets in Resources */ = {isa = PBXBuildFile; fileRef = 6C1322E31F5ADC4100A7D3E9 /* Assets.xcassets */; };
		6C1322E71F5ADC4100A7D3E9 /* LaunchScreen.storyboard in Resources */ = {isa = PBXBuildFile; fileRef = 6C1322E51F5ADC4100A7D3E9 /* LaunchScreen.storyboard */; };
		6C1322EF1F5ADC8500A7D3E9 /* LoginSceneHandler.swift in Sources */ = {isa = PBXBuildFile; fileRef = 6C1322EE1F5ADC8500A7D3E9 /* LoginSceneHandler.swift */; };
		6C1322F51F5ADDD200A7D3E9 /* Navigator.swift in Sources */ = {isa = PBXBuildFile; fileRef = 6C1322F41F5ADDD200A7D3E9 /* Navigator.swift */; };
		6C27A9501F59E1ED00311918 /* NavigatorSwift.h in Headers */ = {isa = PBXBuildFile; fileRef = 6C27A94E1F59E1ED00311918 /* NavigatorSwift.h */; settings = {ATTRIBUTES = (Public, ); }; };
		6C27A95A1F59E2A000311918 /* Parameters.swift in Sources */ = {isa = PBXBuildFile; fileRef = 6C27A9591F59E2A000311918 /* Parameters.swift */; };
		6C27A95C1F59E2C100311918 /* SceneBuilderBlock.swift in Sources */ = {isa = PBXBuildFile; fileRef = 6C27A95B1F59E2C100311918 /* SceneBuilderBlock.swift */; };
		6C27A95E1F59E2D500311918 /* ScenePresentationType.swift in Sources */ = {isa = PBXBuildFile; fileRef = 6C27A95D1F59E2D500311918 /* ScenePresentationType.swift */; };
		6C27A9601F59E2E900311918 /* Scene.swift in Sources */ = {isa = PBXBuildFile; fileRef = 6C27A95F1F59E2E900311918 /* Scene.swift */; };
		6C27A9621F59E2FD00311918 /* SceneHandler.swift in Sources */ = {isa = PBXBuildFile; fileRef = 6C27A9611F59E2FD00311918 /* SceneHandler.swift */; };
		6C27A9661F59E33200311918 /* SceneBuilder.swift in Sources */ = {isa = PBXBuildFile; fileRef = 6C27A9651F59E33200311918 /* SceneBuilder.swift */; };
		6C27A9731F5A096400311918 /* SceneRenderer.swift in Sources */ = {isa = PBXBuildFile; fileRef = 6C27A9721F5A096400311918 /* SceneRenderer.swift */; };
		6C2967AD1F5C54E200F3C3A0 /* GeneratedMocks.swift in Sources */ = {isa = PBXBuildFile; fileRef = 6C2967AC1F5C54E200F3C3A0 /* GeneratedMocks.swift */; };
		6C2967B01F5C565400F3C3A0 /* ViewController.swift in Sources */ = {isa = PBXBuildFile; fileRef = 6C2967AF1F5C565400F3C3A0 /* ViewController.swift */; };
		6C2967B61F5C5FFB00F3C3A0 /* NavigatorSwift.framework in CopyFiles */ = {isa = PBXBuildFile; fileRef = 6C27A94B1F59E1ED00311918 /* NavigatorSwift.framework */; settings = {ATTRIBUTES = (CodeSignOnCopy, RemoveHeadersOnCopy, ); }; };
		6C2967B81F5C5FFB00F3C3A0 /* Cuckoo.framework in CopyFiles */ = {isa = PBXBuildFile; fileRef = 6CFCDC2D1F5C3F69003C41E6 /* Cuckoo.framework */; settings = {ATTRIBUTES = (CodeSignOnCopy, RemoveHeadersOnCopy, ); }; };
		6C2967BE1F5C695000F3C3A0 /* NavigationRequestComponentTests.swift in Sources */ = {isa = PBXBuildFile; fileRef = 6C2967BD1F5C695000F3C3A0 /* NavigationRequestComponentTests.swift */; };
		6C2C20ED1F63516D004AE759 /* InstallSceneOperationTest.swift in Sources */ = {isa = PBXBuildFile; fileRef = 6C2C20EC1F63516D004AE759 /* InstallSceneOperationTest.swift */; };
		6C2C20EF1F63519D004AE759 /* SetScenesOperationTest.swift in Sources */ = {isa = PBXBuildFile; fileRef = 6C2C20EE1F63519D004AE759 /* SetScenesOperationTest.swift */; };
		6C2C20F11F6354A7004AE759 /* SceneOperationTests.swift in Sources */ = {isa = PBXBuildFile; fileRef = 6C2C20F01F6354A7004AE759 /* SceneOperationTests.swift */; };
		6C85F1BA1F5C44FF009FB1CA /* Cuckoo.framework in Frameworks */ = {isa = PBXBuildFile; fileRef = 6CFCDC2D1F5C3F69003C41E6 /* Cuckoo.framework */; };
		6C85F1BC1F5C44FF009FB1CA /* Cuckoo.framework.dSYM in Frameworks */ = {isa = PBXBuildFile; fileRef = 6C85F1BB1F5C44FF009FB1CA /* Cuckoo.framework.dSYM */; };
		6CA5947D1F6311F700CF37AB /* TabBarContainer.swift in Sources */ = {isa = PBXBuildFile; fileRef = 6CA5947C1F6311F700CF37AB /* TabBarContainer.swift */; };
		6CA594801F631A0F00CF37AB /* SceneOperation.swift in Sources */ = {isa = PBXBuildFile; fileRef = 6CA5947F1F631A0F00CF37AB /* SceneOperation.swift */; };
		6CA594821F631A7600CF37AB /* InstallSceneOperation.swift in Sources */ = {isa = PBXBuildFile; fileRef = 6CA594811F631A7600CF37AB /* InstallSceneOperation.swift */; };
		6CA594841F631A8600CF37AB /* RecycleSceneOperation.swift in Sources */ = {isa = PBXBuildFile; fileRef = 6CA594831F631A8600CF37AB /* RecycleSceneOperation.swift */; };
		6CA594861F631A9E00CF37AB /* AddSceneOperation.swift in Sources */ = {isa = PBXBuildFile; fileRef = 6CA594851F631A9E00CF37AB /* AddSceneOperation.swift */; };
		6CA594881F63227400CF37AB /* DismissAllViewControllerOperation.swift in Sources */ = {isa = PBXBuildFile; fileRef = 6CA594871F63227400CF37AB /* DismissAllViewControllerOperation.swift */; };
		6CA5948A1F63239600CF37AB /* PopSceneOperation.swift in Sources */ = {isa = PBXBuildFile; fileRef = 6CA594891F63239600CF37AB /* PopSceneOperation.swift */; };
		6CA5948D1F63248900CF37AB /* VisibleViewControllerFinder.swift in Sources */ = {isa = PBXBuildFile; fileRef = 6CA5948C1F63248900CF37AB /* VisibleViewControllerFinder.swift */; };
		6CA594911F63286000CF37AB /* SetScenesOperation.swift in Sources */ = {isa = PBXBuildFile; fileRef = 6CA594901F63286000CF37AB /* SetScenesOperation.swift */; };
		6CA594931F6331AA00CF37AB /* DismissSceneOperation.swift in Sources */ = {isa = PBXBuildFile; fileRef = 6CA594921F6331AA00CF37AB /* DismissSceneOperation.swift */; };
		6CA594951F6332A200CF37AB /* DismissFirstSceneOperation.swift in Sources */ = {isa = PBXBuildFile; fileRef = 6CA594941F6332A100CF37AB /* DismissFirstSceneOperation.swift */; };
		6CB38DCE1F5AE03C003C5E9C /* NavigatorSwift.framework in Frameworks */ = {isa = PBXBuildFile; fileRef = 6C27A94B1F59E1ED00311918 /* NavigatorSwift.framework */; };
		6CB38DD01F5AF01C003C5E9C /* SceneName.swift in Sources */ = {isa = PBXBuildFile; fileRef = 6CB38DCF1F5AF01C003C5E9C /* SceneName.swift */; };
		6CC4FA971F5AC9A1003B748A /* SceneMatcher.swift in Sources */ = {isa = PBXBuildFile; fileRef = 6CC4FA961F5AC9A1003B748A /* SceneMatcher.swift */; };
		6CC4FA991F5AD190003B748A /* Navigator.swift in Sources */ = {isa = PBXBuildFile; fileRef = 6CC4FA981F5AD190003B748A /* Navigator.swift */; };
		6CC8BAD21F5A0F0400559655 /* ViewControllerContainer.swift in Sources */ = {isa = PBXBuildFile; fileRef = 6CC8BAD11F5A0F0400559655 /* ViewControllerContainer.swift */; };
		6CC8BAD41F5A127200559655 /* NavigationBarContainer.swift in Sources */ = {isa = PBXBuildFile; fileRef = 6CC8BAD31F5A127200559655 /* NavigationBarContainer.swift */; };
/* End PBXBuildFile section */

/* Begin PBXContainerItemProxy section */
		1827747F1F5C3B8400CD935F /* PBXContainerItemProxy */ = {
			isa = PBXContainerItemProxy;
			containerPortal = 6C27A9421F59E1ED00311918 /* Project object */;
			proxyType = 1;
			remoteGlobalIDString = 6C27A94A1F59E1ED00311918;
			remoteInfo = NavigatorSwift;
		};
		6C1322F21F5ADDA900A7D3E9 /* PBXContainerItemProxy */ = {
			isa = PBXContainerItemProxy;
			containerPortal = 6C27A9421F59E1ED00311918 /* Project object */;
			proxyType = 1;
			remoteGlobalIDString = 6C27A94A1F59E1ED00311918;
			remoteInfo = NavigatorSwift;
		};
		6CC4D3E81F5C540E001BDD9D /* PBXContainerItemProxy */ = {
			isa = PBXContainerItemProxy;
			containerPortal = 6C27A9421F59E1ED00311918 /* Project object */;
			proxyType = 1;
			remoteGlobalIDString = 6C1322D91F5ADC4100A7D3E9;
			remoteInfo = NavigationSwiftDemo;
		};
/* End PBXContainerItemProxy section */

/* Begin PBXCopyFilesBuildPhase section */
		6C2967B51F5C5FE300F3C3A0 /* CopyFiles */ = {
			isa = PBXCopyFilesBuildPhase;
			buildActionMask = 2147483647;
			dstPath = "";
			dstSubfolderSpec = 10;
			files = (
				6C2967B61F5C5FFB00F3C3A0 /* NavigatorSwift.framework in CopyFiles */,
				6C2967B81F5C5FFB00F3C3A0 /* Cuckoo.framework in CopyFiles */,
			);
			runOnlyForDeploymentPostprocessing = 0;
		};
/* End PBXCopyFilesBuildPhase section */

/* Begin PBXFileReference section */
		180FBA9A1F64350600E6AF68 /* ApplyTransitionSceneOperation.swift */ = {isa = PBXFileReference; fileEncoding = 4; lastKnownFileType = sourcecode.swift; path = ApplyTransitionSceneOperation.swift; sourceTree = "<group>"; };
		1810B16F1F685423003B9CA0 /* NavNavigator.swift */ = {isa = PBXFileReference; lastKnownFileType = sourcecode.swift; path = NavNavigator.swift; sourceTree = "<group>"; };
		1810B1711F685E9B003B9CA0 /* TabNavigator.swift */ = {isa = PBXFileReference; lastKnownFileType = sourcecode.swift; path = TabNavigator.swift; sourceTree = "<group>"; };
		1810B1731F686D40003B9CA0 /* PreviewingNavigator.swift */ = {isa = PBXFileReference; lastKnownFileType = sourcecode.swift; path = PreviewingNavigator.swift; sourceTree = "<group>"; };
		182774791F5C3B8400CD935F /* NavigatorSwiftTests.xctest */ = {isa = PBXFileReference; explicitFileType = wrapper.cfbundle; includeInIndex = 0; path = NavigatorSwiftTests.xctest; sourceTree = BUILT_PRODUCTS_DIR; };
		1827747B1F5C3B8400CD935F /* SceneRendererTests.swift */ = {isa = PBXFileReference; lastKnownFileType = sourcecode.swift; path = SceneRendererTests.swift; sourceTree = "<group>"; };
		1827747D1F5C3B8400CD935F /* Info.plist */ = {isa = PBXFileReference; lastKnownFileType = text.plist.xml; path = Info.plist; sourceTree = "<group>"; };
		188DB17F1F64644300E9024E /* SceneOperationsFactory.swift */ = {isa = PBXFileReference; fileEncoding = 4; lastKnownFileType = sourcecode.swift; name = SceneOperationsFactory.swift; path = ../SceneOperation/SceneOperationsFactory.swift; sourceTree = "<group>"; };
		188DB1811F6466CF00E9024E /* OrderedSceneOperation.swift */ = {isa = PBXFileReference; fileEncoding = 4; lastKnownFileType = sourcecode.swift; path = OrderedSceneOperation.swift; sourceTree = "<group>"; };
		18A4FE1D1F672D82007D8D50 /* Nav.swift */ = {isa = PBXFileReference; fileEncoding = 4; lastKnownFileType = sourcecode.swift; name = Nav.swift; path = Extensions/Nav.swift; sourceTree = "<group>"; };
		18F9408B1F5C9C980064D320 /* CollectionScenHandler.swift */ = {isa = PBXFileReference; fileEncoding = 4; lastKnownFileType = sourcecode.swift; path = CollectionScenHandler.swift; sourceTree = "<group>"; };
		18FFC3381F5DF00F0016FCDF /* NavigationRequestTests.swift */ = {isa = PBXFileReference; lastKnownFileType = sourcecode.swift; path = NavigationRequestTests.swift; sourceTree = "<group>"; };
		6C1322D21F5AD96600A7D3E9 /* UIViewController+Utils.swift */ = {isa = PBXFileReference; lastKnownFileType = sourcecode.swift; path = "UIViewController+Utils.swift"; sourceTree = "<group>"; };
		6C1322DA1F5ADC4100A7D3E9 /* NavigationSwiftDemo.app */ = {isa = PBXFileReference; explicitFileType = wrapper.application; includeInIndex = 0; path = NavigationSwiftDemo.app; sourceTree = BUILT_PRODUCTS_DIR; };
		6C1322DC1F5ADC4100A7D3E9 /* AppDelegate.swift */ = {isa = PBXFileReference; lastKnownFileType = sourcecode.swift; path = AppDelegate.swift; sourceTree = "<group>"; };
		6C1322DE1F5ADC4100A7D3E9 /* ViewController.swift */ = {isa = PBXFileReference; lastKnownFileType = sourcecode.swift; path = ViewController.swift; sourceTree = "<group>"; };
		6C1322E11F5ADC4100A7D3E9 /* Base */ = {isa = PBXFileReference; lastKnownFileType = file.storyboard; name = Base; path = Base.lproj/Main.storyboard; sourceTree = "<group>"; };
		6C1322E31F5ADC4100A7D3E9 /* Assets.xcassets */ = {isa = PBXFileReference; lastKnownFileType = folder.assetcatalog; path = Assets.xcassets; sourceTree = "<group>"; };
		6C1322E61F5ADC4100A7D3E9 /* Base */ = {isa = PBXFileReference; lastKnownFileType = file.storyboard; name = Base; path = Base.lproj/LaunchScreen.storyboard; sourceTree = "<group>"; };
		6C1322E81F5ADC4100A7D3E9 /* Info.plist */ = {isa = PBXFileReference; lastKnownFileType = text.plist.xml; path = Info.plist; sourceTree = "<group>"; };
		6C1322EE1F5ADC8500A7D3E9 /* LoginSceneHandler.swift */ = {isa = PBXFileReference; lastKnownFileType = sourcecode.swift; path = LoginSceneHandler.swift; sourceTree = "<group>"; };
		6C1322F41F5ADDD200A7D3E9 /* Navigator.swift */ = {isa = PBXFileReference; lastKnownFileType = sourcecode.swift; path = Navigator.swift; sourceTree = "<group>"; };
		6C27A94B1F59E1ED00311918 /* NavigatorSwift.framework */ = {isa = PBXFileReference; explicitFileType = wrapper.framework; includeInIndex = 0; path = NavigatorSwift.framework; sourceTree = BUILT_PRODUCTS_DIR; };
		6C27A94E1F59E1ED00311918 /* NavigatorSwift.h */ = {isa = PBXFileReference; lastKnownFileType = sourcecode.c.h; path = NavigatorSwift.h; sourceTree = "<group>"; };
		6C27A94F1F59E1ED00311918 /* Info.plist */ = {isa = PBXFileReference; lastKnownFileType = text.plist.xml; path = Info.plist; sourceTree = "<group>"; };
		6C27A9581F59E25C00311918 /* NavigatorPlayground.playground */ = {isa = PBXFileReference; lastKnownFileType = file.playground; path = NavigatorPlayground.playground; sourceTree = "<group>"; xcLanguageSpecificationIdentifier = xcode.lang.swift; };
		6C27A9591F59E2A000311918 /* Parameters.swift */ = {isa = PBXFileReference; lastKnownFileType = sourcecode.swift; path = Parameters.swift; sourceTree = "<group>"; };
		6C27A95B1F59E2C100311918 /* SceneBuilderBlock.swift */ = {isa = PBXFileReference; lastKnownFileType = sourcecode.swift; path = SceneBuilderBlock.swift; sourceTree = "<group>"; };
		6C27A95D1F59E2D500311918 /* ScenePresentationType.swift */ = {isa = PBXFileReference; lastKnownFileType = sourcecode.swift; path = ScenePresentationType.swift; sourceTree = "<group>"; };
		6C27A95F1F59E2E900311918 /* Scene.swift */ = {isa = PBXFileReference; lastKnownFileType = sourcecode.swift; path = Scene.swift; sourceTree = "<group>"; };
		6C27A9611F59E2FD00311918 /* SceneHandler.swift */ = {isa = PBXFileReference; lastKnownFileType = sourcecode.swift; path = SceneHandler.swift; sourceTree = "<group>"; };
		6C27A9651F59E33200311918 /* SceneBuilder.swift */ = {isa = PBXFileReference; lastKnownFileType = sourcecode.swift; path = SceneBuilder.swift; sourceTree = "<group>"; };
		6C27A9721F5A096400311918 /* SceneRenderer.swift */ = {isa = PBXFileReference; lastKnownFileType = sourcecode.swift; path = SceneRenderer.swift; sourceTree = "<group>"; };
		6C2967AC1F5C54E200F3C3A0 /* GeneratedMocks.swift */ = {isa = PBXFileReference; fileEncoding = 4; lastKnownFileType = sourcecode.swift; path = GeneratedMocks.swift; sourceTree = "<group>"; };
		6C2967AF1F5C565400F3C3A0 /* ViewController.swift */ = {isa = PBXFileReference; fileEncoding = 4; lastKnownFileType = sourcecode.swift; path = ViewController.swift; sourceTree = "<group>"; };
		6C2967BD1F5C695000F3C3A0 /* NavigationRequestComponentTests.swift */ = {isa = PBXFileReference; fileEncoding = 4; lastKnownFileType = sourcecode.swift; path = NavigationRequestComponentTests.swift; sourceTree = "<group>"; };
		6C2C20EC1F63516D004AE759 /* InstallSceneOperationTest.swift */ = {isa = PBXFileReference; fileEncoding = 4; lastKnownFileType = sourcecode.swift; path = InstallSceneOperationTest.swift; sourceTree = "<group>"; };
		6C2C20EE1F63519D004AE759 /* SetScenesOperationTest.swift */ = {isa = PBXFileReference; fileEncoding = 4; lastKnownFileType = sourcecode.swift; path = SetScenesOperationTest.swift; sourceTree = "<group>"; };
		6C2C20F01F6354A7004AE759 /* SceneOperationTests.swift */ = {isa = PBXFileReference; fileEncoding = 4; lastKnownFileType = sourcecode.swift; path = SceneOperationTests.swift; sourceTree = "<group>"; };
		6C85F1BB1F5C44FF009FB1CA /* Cuckoo.framework.dSYM */ = {isa = PBXFileReference; lastKnownFileType = wrapper.dsym; name = Cuckoo.framework.dSYM; path = Carthage/Build/iOS/Cuckoo.framework.dSYM; sourceTree = "<group>"; };
		6CA5947C1F6311F700CF37AB /* TabBarContainer.swift */ = {isa = PBXFileReference; fileEncoding = 4; lastKnownFileType = sourcecode.swift; path = TabBarContainer.swift; sourceTree = "<group>"; };
		6CA5947F1F631A0F00CF37AB /* SceneOperation.swift */ = {isa = PBXFileReference; fileEncoding = 4; lastKnownFileType = sourcecode.swift; name = SceneOperation.swift; path = NavigatorSwift/Source/SceneOperation/SceneOperation.swift; sourceTree = SOURCE_ROOT; };
		6CA594811F631A7600CF37AB /* InstallSceneOperation.swift */ = {isa = PBXFileReference; fileEncoding = 4; lastKnownFileType = sourcecode.swift; name = InstallSceneOperation.swift; path = NavigatorSwift/Source/SceneOperation/InstallSceneOperation.swift; sourceTree = SOURCE_ROOT; };
		6CA594831F631A8600CF37AB /* RecycleSceneOperation.swift */ = {isa = PBXFileReference; fileEncoding = 4; lastKnownFileType = sourcecode.swift; path = RecycleSceneOperation.swift; sourceTree = "<group>"; };
		6CA594851F631A9E00CF37AB /* AddSceneOperation.swift */ = {isa = PBXFileReference; fileEncoding = 4; lastKnownFileType = sourcecode.swift; path = AddSceneOperation.swift; sourceTree = "<group>"; };
		6CA594871F63227400CF37AB /* DismissAllViewControllerOperation.swift */ = {isa = PBXFileReference; fileEncoding = 4; lastKnownFileType = sourcecode.swift; path = DismissAllViewControllerOperation.swift; sourceTree = "<group>"; };
		6CA594891F63239600CF37AB /* PopSceneOperation.swift */ = {isa = PBXFileReference; fileEncoding = 4; lastKnownFileType = sourcecode.swift; name = PopSceneOperation.swift; path = NavigatorSwift/Source/SceneOperation/PopSceneOperation.swift; sourceTree = SOURCE_ROOT; };
		6CA5948C1F63248900CF37AB /* VisibleViewControllerFinder.swift */ = {isa = PBXFileReference; fileEncoding = 4; lastKnownFileType = sourcecode.swift; path = VisibleViewControllerFinder.swift; sourceTree = "<group>"; };
		6CA594901F63286000CF37AB /* SetScenesOperation.swift */ = {isa = PBXFileReference; fileEncoding = 4; lastKnownFileType = sourcecode.swift; path = SetScenesOperation.swift; sourceTree = "<group>"; };
		6CA594921F6331AA00CF37AB /* DismissSceneOperation.swift */ = {isa = PBXFileReference; fileEncoding = 4; lastKnownFileType = sourcecode.swift; path = DismissSceneOperation.swift; sourceTree = "<group>"; };
		6CA594941F6332A100CF37AB /* DismissFirstSceneOperation.swift */ = {isa = PBXFileReference; fileEncoding = 4; lastKnownFileType = sourcecode.swift; path = DismissFirstSceneOperation.swift; sourceTree = "<group>"; };
		6CB38DCF1F5AF01C003C5E9C /* SceneName.swift */ = {isa = PBXFileReference; lastKnownFileType = sourcecode.swift; path = SceneName.swift; sourceTree = "<group>"; };
		6CC4FA961F5AC9A1003B748A /* SceneMatcher.swift */ = {isa = PBXFileReference; lastKnownFileType = sourcecode.swift; path = SceneMatcher.swift; sourceTree = "<group>"; };
		6CC4FA981F5AD190003B748A /* Navigator.swift */ = {isa = PBXFileReference; lastKnownFileType = sourcecode.swift; path = Navigator.swift; sourceTree = "<group>"; };
		6CC8BAD11F5A0F0400559655 /* ViewControllerContainer.swift */ = {isa = PBXFileReference; lastKnownFileType = sourcecode.swift; path = ViewControllerContainer.swift; sourceTree = "<group>"; };
		6CC8BAD31F5A127200559655 /* NavigationBarContainer.swift */ = {isa = PBXFileReference; lastKnownFileType = sourcecode.swift; path = NavigationBarContainer.swift; sourceTree = "<group>"; };
		6CFCDC2D1F5C3F69003C41E6 /* Cuckoo.framework */ = {isa = PBXFileReference; lastKnownFileType = wrapper.framework; name = Cuckoo.framework; path = Carthage/Build/iOS/Cuckoo.framework; sourceTree = "<group>"; };
/* End PBXFileReference section */

/* Begin PBXFrameworksBuildPhase section */
		182774761F5C3B8400CD935F /* Frameworks */ = {
			isa = PBXFrameworksBuildPhase;
			buildActionMask = 2147483647;
			files = (
				6C85F1BC1F5C44FF009FB1CA /* Cuckoo.framework.dSYM in Frameworks */,
				6C85F1BA1F5C44FF009FB1CA /* Cuckoo.framework in Frameworks */,
				1827747E1F5C3B8400CD935F /* NavigatorSwift.framework in Frameworks */,
			);
			runOnlyForDeploymentPostprocessing = 0;
		};
		6C1322D71F5ADC4100A7D3E9 /* Frameworks */ = {
			isa = PBXFrameworksBuildPhase;
			buildActionMask = 2147483647;
			files = (
				6CB38DCE1F5AE03C003C5E9C /* NavigatorSwift.framework in Frameworks */,
			);
			runOnlyForDeploymentPostprocessing = 0;
		};
		6C27A9471F59E1ED00311918 /* Frameworks */ = {
			isa = PBXFrameworksBuildPhase;
			buildActionMask = 2147483647;
			files = (
			);
			runOnlyForDeploymentPostprocessing = 0;
		};
/* End PBXFrameworksBuildPhase section */

/* Begin PBXGroup section */
		1827747A1F5C3B8400CD935F /* NavigatorSwiftTests */ = {
			isa = PBXGroup;
			children = (
				182774861F5C3B9400CD935F /* Source */,
				182774871F5C3B9A00CD935F /* Resources */,
			);
			path = NavigatorSwiftTests;
			sourceTree = "<group>";
		};
		182774861F5C3B9400CD935F /* Source */ = {
			isa = PBXGroup;
			children = (
				6C2967AE1F5C564000F3C3A0 /* Utils */,
				6C2967AB1F5C54D500F3C3A0 /* Generated */,
				6C2967BC1F5C691500F3C3A0 /* NavigationRequest */,
				6C2967BB1F5C68CA00F3C3A0 /* SceneRenderer */,
			);
			path = Source;
			sourceTree = "<group>";
		};
		182774871F5C3B9A00CD935F /* Resources */ = {
			isa = PBXGroup;
			children = (
				1827747D1F5C3B8400CD935F /* Info.plist */,
			);
			path = Resources;
			sourceTree = "<group>";
		};
		18A4FE1C1F672D72007D8D50 /* Extensions */ = {
			isa = PBXGroup;
			children = (
				18A4FE1D1F672D82007D8D50 /* Nav.swift */,
			);
			name = Extensions;
			sourceTree = "<group>";
		};
		18FB82EB1F5D563E00E08E0E /* Navigator */ = {
			isa = PBXGroup;
			children = (
				18A4FE1C1F672D72007D8D50 /* Extensions */,
				6CC4FA981F5AD190003B748A /* Navigator.swift */,
				1810B1731F686D40003B9CA0 /* PreviewingNavigator.swift */,
				1810B16F1F685423003B9CA0 /* NavNavigator.swift */,
				1810B1711F685E9B003B9CA0 /* TabNavigator.swift */,
			);
			path = Navigator;
			sourceTree = "<group>";
		};
		6C1322D11F5AD95A00A7D3E9 /* Helpers */ = {
			isa = PBXGroup;
			children = (
				6C1322D21F5AD96600A7D3E9 /* UIViewController+Utils.swift */,
			);
			path = Helpers;
			sourceTree = "<group>";
		};
		6C1322DB1F5ADC4100A7D3E9 /* NavigationSwiftDemo */ = {
			isa = PBXGroup;
			children = (
				6C1322EC1F5ADC5000A7D3E9 /* Source */,
				6C1322ED1F5ADC5800A7D3E9 /* Resources */,
			);
			path = NavigationSwiftDemo;
			sourceTree = "<group>";
		};
		6C1322EC1F5ADC5000A7D3E9 /* Source */ = {
			isa = PBXGroup;
			children = (
				6C1322DC1F5ADC4100A7D3E9 /* AppDelegate.swift */,
				6C1322DE1F5ADC4100A7D3E9 /* ViewController.swift */,
				6C1322EE1F5ADC8500A7D3E9 /* LoginSceneHandler.swift */,
				18F9408B1F5C9C980064D320 /* CollectionScenHandler.swift */,
				6C1322F41F5ADDD200A7D3E9 /* Navigator.swift */,
			);
			path = Source;
			sourceTree = "<group>";
		};
		6C1322ED1F5ADC5800A7D3E9 /* Resources */ = {
			isa = PBXGroup;
			children = (
				6C1322E01F5ADC4100A7D3E9 /* Main.storyboard */,
				6C1322E31F5ADC4100A7D3E9 /* Assets.xcassets */,
				6C1322E51F5ADC4100A7D3E9 /* LaunchScreen.storyboard */,
				6C1322E81F5ADC4100A7D3E9 /* Info.plist */,
			);
			path = Resources;
			sourceTree = "<group>";
		};
		6C27A9411F59E1ED00311918 = {
			isa = PBXGroup;
			children = (
				6C27A9581F59E25C00311918 /* NavigatorPlayground.playground */,
				6C27A94D1F59E1ED00311918 /* NavigatorSwift */,
				6C1322DB1F5ADC4100A7D3E9 /* NavigationSwiftDemo */,
				1827747A1F5C3B8400CD935F /* NavigatorSwiftTests */,
				6C27A94C1F59E1ED00311918 /* Products */,
				6CFCDC2C1F5C3F68003C41E6 /* Frameworks */,
			);
			sourceTree = "<group>";
		};
		6C27A94C1F59E1ED00311918 /* Products */ = {
			isa = PBXGroup;
			children = (
				6C27A94B1F59E1ED00311918 /* NavigatorSwift.framework */,
				6C1322DA1F5ADC4100A7D3E9 /* NavigationSwiftDemo.app */,
				182774791F5C3B8400CD935F /* NavigatorSwiftTests.xctest */,
			);
			name = Products;
			sourceTree = "<group>";
		};
		6C27A94D1F59E1ED00311918 /* NavigatorSwift */ = {
			isa = PBXGroup;
			children = (
				6C27A9571F59E22000311918 /* Source */,
				6C27A9561F59E21800311918 /* Resources */,
			);
			path = NavigatorSwift;
			sourceTree = "<group>";
		};
		6C27A9561F59E21800311918 /* Resources */ = {
			isa = PBXGroup;
			children = (
				6C27A94E1F59E1ED00311918 /* NavigatorSwift.h */,
				6C27A94F1F59E1ED00311918 /* Info.plist */,
			);
			path = Resources;
			sourceTree = "<group>";
		};
		6C27A9571F59E22000311918 /* Source */ = {
			isa = PBXGroup;
			children = (
				6C1322D11F5AD95A00A7D3E9 /* Helpers */,
				6C27A96F1F5A090600311918 /* Domain */,
				18FB82EB1F5D563E00E08E0E /* Navigator */,
				6CC4FA951F5AC995003B748A /* SceneMatcher */,
				6C27A9701F5A093000311918 /* SceneHandler */,
				6C27A9711F5A094500311918 /* SceneRenderer */,
				6C27A96D1F59E3A500311918 /* NavigationRequest */,
			);
			path = Source;
			sourceTree = "<group>";
		};
		6C27A96D1F59E3A500311918 /* NavigationRequest */ = {
			isa = PBXGroup;
			children = (
				6C27A95B1F59E2C100311918 /* SceneBuilderBlock.swift */,
				6C27A9651F59E33200311918 /* SceneBuilder.swift */,
			);
			path = NavigationRequest;
			sourceTree = "<group>";
		};
		6C27A96F1F5A090600311918 /* Domain */ = {
			isa = PBXGroup;
			children = (
				6C27A9591F59E2A000311918 /* Parameters.swift */,
				6C27A95F1F59E2E900311918 /* Scene.swift */,
				6CB38DCF1F5AF01C003C5E9C /* SceneName.swift */,
			);
			path = Domain;
			sourceTree = "<group>";
		};
		6C27A9701F5A093000311918 /* SceneHandler */ = {
			isa = PBXGroup;
			children = (
				6C27A95D1F59E2D500311918 /* ScenePresentationType.swift */,
				6C27A9611F59E2FD00311918 /* SceneHandler.swift */,
			);
			path = SceneHandler;
			sourceTree = "<group>";
		};
		6C27A9711F5A094500311918 /* SceneRenderer */ = {
			isa = PBXGroup;
			children = (
				6CA5947E1F6319FA00CF37AB /* SceneOperation */,
				188DB17F1F64644300E9024E /* SceneOperationsFactory.swift */,
				6C27A9721F5A096400311918 /* SceneRenderer.swift */,
				6CC8BAD11F5A0F0400559655 /* ViewControllerContainer.swift */,
				6CC8BAD31F5A127200559655 /* NavigationBarContainer.swift */,
				6CA5947C1F6311F700CF37AB /* TabBarContainer.swift */,
			);
			path = SceneRenderer;
			sourceTree = "<group>";
		};
		6C2967AB1F5C54D500F3C3A0 /* Generated */ = {
			isa = PBXGroup;
			children = (
				6C2967AC1F5C54E200F3C3A0 /* GeneratedMocks.swift */,
			);
			path = Generated;
			sourceTree = "<group>";
		};
		6C2967AE1F5C564000F3C3A0 /* Utils */ = {
			isa = PBXGroup;
			children = (
				6C2967AF1F5C565400F3C3A0 /* ViewController.swift */,
			);
			path = Utils;
			sourceTree = "<group>";
		};
		6C2967BB1F5C68CA00F3C3A0 /* SceneRenderer */ = {
			isa = PBXGroup;
			children = (
				6C2C20F01F6354A7004AE759 /* SceneOperationTests.swift */,
				1827747B1F5C3B8400CD935F /* SceneRendererTests.swift */,
				6C2C20EC1F63516D004AE759 /* InstallSceneOperationTest.swift */,
				6C2C20EE1F63519D004AE759 /* SetScenesOperationTest.swift */,
			);
			path = SceneRenderer;
			sourceTree = "<group>";
		};
		6C2967BC1F5C691500F3C3A0 /* NavigationRequest */ = {
			isa = PBXGroup;
			children = (
				6C2967BD1F5C695000F3C3A0 /* NavigationRequestComponentTests.swift */,
				18FFC3381F5DF00F0016FCDF /* NavigationRequestTests.swift */,
			);
			path = NavigationRequest;
			sourceTree = "<group>";
		};
		6CA5947E1F6319FA00CF37AB /* SceneOperation */ = {
			isa = PBXGroup;
			children = (
				6CA5947F1F631A0F00CF37AB /* SceneOperation.swift */,
				188DB1811F6466CF00E9024E /* OrderedSceneOperation.swift */,
				6CA594901F63286000CF37AB /* SetScenesOperation.swift */,
				6CA594871F63227400CF37AB /* DismissAllViewControllerOperation.swift */,
				6CA594921F6331AA00CF37AB /* DismissSceneOperation.swift */,
				6CA594941F6332A100CF37AB /* DismissFirstSceneOperation.swift */,
				6CA594811F631A7600CF37AB /* InstallSceneOperation.swift */,
				6CA594831F631A8600CF37AB /* RecycleSceneOperation.swift */,
				6CA594891F63239600CF37AB /* PopSceneOperation.swift */,
				6CA594851F631A9E00CF37AB /* AddSceneOperation.swift */,
				180FBA9A1F64350600E6AF68 /* ApplyTransitionSceneOperation.swift */,
				6CA5948C1F63248900CF37AB /* VisibleViewControllerFinder.swift */,
			);
			name = SceneOperation;
			path = ../SceneOperation;
			sourceTree = "<group>";
		};
		6CC4FA951F5AC995003B748A /* SceneMatcher */ = {
			isa = PBXGroup;
			children = (
				6CC4FA961F5AC9A1003B748A /* SceneMatcher.swift */,
			);
			path = SceneMatcher;
			sourceTree = "<group>";
		};
		6CFCDC2C1F5C3F68003C41E6 /* Frameworks */ = {
			isa = PBXGroup;
			children = (
				6C85F1BB1F5C44FF009FB1CA /* Cuckoo.framework.dSYM */,
				6CFCDC2D1F5C3F69003C41E6 /* Cuckoo.framework */,
			);
			name = Frameworks;
			sourceTree = "<group>";
		};
/* End PBXGroup section */

/* Begin PBXHeadersBuildPhase section */
		6C27A9481F59E1ED00311918 /* Headers */ = {
			isa = PBXHeadersBuildPhase;
			buildActionMask = 2147483647;
			files = (
				6C27A9501F59E1ED00311918 /* NavigatorSwift.h in Headers */,
			);
			runOnlyForDeploymentPostprocessing = 0;
		};
/* End PBXHeadersBuildPhase section */

/* Begin PBXNativeTarget section */
		182774781F5C3B8400CD935F /* NavigatorSwiftTests */ = {
			isa = PBXNativeTarget;
			buildConfigurationList = 182774831F5C3B8400CD935F /* Build configuration list for PBXNativeTarget "NavigatorSwiftTests" */;
			buildPhases = (
				6C2967B51F5C5FE300F3C3A0 /* CopyFiles */,
				182774751F5C3B8400CD935F /* Sources */,
				182774761F5C3B8400CD935F /* Frameworks */,
				182774771F5C3B8400CD935F /* Resources */,
			);
			buildRules = (
			);
			dependencies = (
				182774801F5C3B8400CD935F /* PBXTargetDependency */,
				6CC4D3E91F5C540E001BDD9D /* PBXTargetDependency */,
			);
			name = NavigatorSwiftTests;
			productName = NavigatorSwiftTests;
			productReference = 182774791F5C3B8400CD935F /* NavigatorSwiftTests.xctest */;
			productType = "com.apple.product-type.bundle.unit-test";
		};
		6C1322D91F5ADC4100A7D3E9 /* NavigationSwiftDemo */ = {
			isa = PBXNativeTarget;
			buildConfigurationList = 6C1322E91F5ADC4100A7D3E9 /* Build configuration list for PBXNativeTarget "NavigationSwiftDemo" */;
			buildPhases = (
				6C1322D61F5ADC4100A7D3E9 /* Sources */,
				6C1322D71F5ADC4100A7D3E9 /* Frameworks */,
				6C1322D81F5ADC4100A7D3E9 /* Resources */,
			);
			buildRules = (
			);
			dependencies = (
				6C1322F31F5ADDA900A7D3E9 /* PBXTargetDependency */,
			);
			name = NavigationSwiftDemo;
			productName = NavigationSwiftDemo;
			productReference = 6C1322DA1F5ADC4100A7D3E9 /* NavigationSwiftDemo.app */;
			productType = "com.apple.product-type.application";
		};
		6C27A94A1F59E1ED00311918 /* NavigatorSwift */ = {
			isa = PBXNativeTarget;
			buildConfigurationList = 6C27A9531F59E1ED00311918 /* Build configuration list for PBXNativeTarget "NavigatorSwift" */;
			buildPhases = (
				6C27A9461F59E1ED00311918 /* Sources */,
				6C27A9471F59E1ED00311918 /* Frameworks */,
				6C27A9481F59E1ED00311918 /* Headers */,
				6C27A9491F59E1ED00311918 /* Resources */,
				6C2967B41F5C59B200F3C3A0 /* Mock */,
			);
			buildRules = (
			);
			dependencies = (
			);
			name = NavigatorSwift;
			productName = NavigatorSwift;
			productReference = 6C27A94B1F59E1ED00311918 /* NavigatorSwift.framework */;
			productType = "com.apple.product-type.framework";
		};
/* End PBXNativeTarget section */

/* Begin PBXProject section */
		6C27A9421F59E1ED00311918 /* Project object */ = {
			isa = PBXProject;
			attributes = {
				LastSwiftUpdateCheck = 0900;
				LastUpgradeCheck = 0900;
				ORGANIZATIONNAME = "Jose Maria Puerta";
				TargetAttributes = {
					182774781F5C3B8400CD935F = {
						CreatedOnToolsVersion = 9.0;
					};
					6C1322D91F5ADC4100A7D3E9 = {
						CreatedOnToolsVersion = 9.0;
					};
					6C27A94A1F59E1ED00311918 = {
						CreatedOnToolsVersion = 9.0;
						LastSwiftMigration = 0900;
					};
				};
			};
			buildConfigurationList = 6C27A9451F59E1ED00311918 /* Build configuration list for PBXProject "NavigatorSwift" */;
			compatibilityVersion = "Xcode 8.0";
			developmentRegion = en;
			hasScannedForEncodings = 0;
			knownRegions = (
				en,
				Base,
			);
			mainGroup = 6C27A9411F59E1ED00311918;
			productRefGroup = 6C27A94C1F59E1ED00311918 /* Products */;
			projectDirPath = "";
			projectRoot = "";
			targets = (
				6C27A94A1F59E1ED00311918 /* NavigatorSwift */,
				182774781F5C3B8400CD935F /* NavigatorSwiftTests */,
				6C1322D91F5ADC4100A7D3E9 /* NavigationSwiftDemo */,
			);
		};
/* End PBXProject section */

/* Begin PBXResourcesBuildPhase section */
		182774771F5C3B8400CD935F /* Resources */ = {
			isa = PBXResourcesBuildPhase;
			buildActionMask = 2147483647;
			files = (
			);
			runOnlyForDeploymentPostprocessing = 0;
		};
		6C1322D81F5ADC4100A7D3E9 /* Resources */ = {
			isa = PBXResourcesBuildPhase;
			buildActionMask = 2147483647;
			files = (
				6C1322E71F5ADC4100A7D3E9 /* LaunchScreen.storyboard in Resources */,
				6C1322E41F5ADC4100A7D3E9 /* Assets.xcassets in Resources */,
				6C1322E21F5ADC4100A7D3E9 /* Main.storyboard in Resources */,
			);
			runOnlyForDeploymentPostprocessing = 0;
		};
		6C27A9491F59E1ED00311918 /* Resources */ = {
			isa = PBXResourcesBuildPhase;
			buildActionMask = 2147483647;
			files = (
			);
			runOnlyForDeploymentPostprocessing = 0;
		};
/* End PBXResourcesBuildPhase section */

/* Begin PBXShellScriptBuildPhase section */
		6C2967B41F5C59B200F3C3A0 /* Mock */ = {
			isa = PBXShellScriptBuildPhase;
			buildActionMask = 2147483647;
			files = (
			);
			inputPaths = (
			);
			name = Mock;
			outputPaths = (
			);
			runOnlyForDeploymentPostprocessing = 0;
			shellPath = /bin/sh;
			shellScript = "# Define output file. Change \"$PROJECT_DIR/Tests\" to your test's root source folder, if it's not the default name.\nOUTPUT_FILE=\"$PROJECT_DIR/NavigatorSwiftTests/Source/Generated/GeneratedMocks.swift\"\necho \"Generated Mocks File = $OUTPUT_FILE\"\n\n# Define input directory. Change \"$PROJECT_DIR\" to your project's root source folder, if it's not the default name.\nINPUT_DIR=\"$PROJECT_DIR\"\necho \"Mocks Input Directory = $INPUT_DIR\"\n\n# Generate mock files, include as many input files as you'd like to create mocks for.\nCarthage/Checkouts/Cuckoo/run generate --testable \"$PROJECT_NAME\" \\\n--output \"${OUTPUT_FILE}\" \\\n\"$INPUT_DIR/NavigatorSwift/Source/SceneMatcher/SceneMatcher.swift\" \\\n\"$INPUT_DIR/NavigatorSwiftTests/Source/Utils/ViewController.swift\" \\\n\"$INPUT_DIR/NavigatorSwift/Source/Domain/Scene.swift\" \\\n\"$INPUT_DIR/NavigatorSwift/Source/SceneHandler/SceneHandler.swift\" \\\n\"$INPUT_DIR/NavigatorSwift/Source/SceneRenderer/SceneRenderer.swift\" \\\n\"$INPUT_DIR/NavigatorSwift/Source/SceneRenderer/ViewControllerContainer.swift\" \\\n\"$INPUT_DIR/NavigatorSwift/Source/SceneOperation/SceneOperation.swift\"\n\n# After running once, locate `GeneratedMocks.swift` and drag it into your Xcode test target group.";
		};
/* End PBXShellScriptBuildPhase section */

/* Begin PBXSourcesBuildPhase section */
		182774751F5C3B8400CD935F /* Sources */ = {
			isa = PBXSourcesBuildPhase;
			buildActionMask = 2147483647;
			files = (
				6C2967B01F5C565400F3C3A0 /* ViewController.swift in Sources */,
				18FFC3391F5DF00F0016FCDF /* NavigationRequestTests.swift in Sources */,
				6C2C20ED1F63516D004AE759 /* InstallSceneOperationTest.swift in Sources */,
				6C2C20F11F6354A7004AE759 /* SceneOperationTests.swift in Sources */,
				1827747C1F5C3B8400CD935F /* SceneRendererTests.swift in Sources */,
				6C2967AD1F5C54E200F3C3A0 /* GeneratedMocks.swift in Sources */,
				6C2C20EF1F63519D004AE759 /* SetScenesOperationTest.swift in Sources */,
				6C2967BE1F5C695000F3C3A0 /* NavigationRequestComponentTests.swift in Sources */,
			);
			runOnlyForDeploymentPostprocessing = 0;
		};
		6C1322D61F5ADC4100A7D3E9 /* Sources */ = {
			isa = PBXSourcesBuildPhase;
			buildActionMask = 2147483647;
			files = (
				6C1322F51F5ADDD200A7D3E9 /* Navigator.swift in Sources */,
				6C1322DF1F5ADC4100A7D3E9 /* ViewController.swift in Sources */,
				18F9408C1F5C9C980064D320 /* CollectionScenHandler.swift in Sources */,
				6C1322DD1F5ADC4100A7D3E9 /* AppDelegate.swift in Sources */,
				6C1322EF1F5ADC8500A7D3E9 /* LoginSceneHandler.swift in Sources */,
			);
			runOnlyForDeploymentPostprocessing = 0;
		};
		6C27A9461F59E1ED00311918 /* Sources */ = {
			isa = PBXSourcesBuildPhase;
			buildActionMask = 2147483647;
			files = (
				6CA594881F63227400CF37AB /* DismissAllViewControllerOperation.swift in Sources */,
				188DB1801F64644300E9024E /* SceneOperationsFactory.swift in Sources */,
				6C1322D31F5AD96600A7D3E9 /* UIViewController+Utils.swift in Sources */,
				6C27A9601F59E2E900311918 /* Scene.swift in Sources */,
				6CA5948D1F63248900CF37AB /* VisibleViewControllerFinder.swift in Sources */,
				6CA594801F631A0F00CF37AB /* SceneOperation.swift in Sources */,
				6CB38DD01F5AF01C003C5E9C /* SceneName.swift in Sources */,
				180FBA9B1F64350600E6AF68 /* ApplyTransitionSceneOperation.swift in Sources */,
				6CC4FA971F5AC9A1003B748A /* SceneMatcher.swift in Sources */,
				18A4FE1E1F672D82007D8D50 /* Nav.swift in Sources */,
				6C27A9621F59E2FD00311918 /* SceneHandler.swift in Sources */,
				188DB1821F6466CF00E9024E /* OrderedSceneOperation.swift in Sources */,
				6C27A9731F5A096400311918 /* SceneRenderer.swift in Sources */,
				1810B1721F685E9B003B9CA0 /* TabNavigator.swift in Sources */,
				6C27A95E1F59E2D500311918 /* ScenePresentationType.swift in Sources */,
				6CC8BAD41F5A127200559655 /* NavigationBarContainer.swift in Sources */,
				6CA5947D1F6311F700CF37AB /* TabBarContainer.swift in Sources */,
				6CA594911F63286000CF37AB /* SetScenesOperation.swift in Sources */,
				6CC8BAD21F5A0F0400559655 /* ViewControllerContainer.swift in Sources */,
				1810B1741F686D40003B9CA0 /* PreviewingNavigator.swift in Sources */,
				1810B1701F685423003B9CA0 /* NavNavigator.swift in Sources */,
				6C27A9661F59E33200311918 /* SceneBuilder.swift in Sources */,
				6C27A95A1F59E2A000311918 /* Parameters.swift in Sources */,
				6CA594841F631A8600CF37AB /* RecycleSceneOperation.swift in Sources */,
				6CC4FA991F5AD190003B748A /* Navigator.swift in Sources */,
				6CA594951F6332A200CF37AB /* DismissFirstSceneOperation.swift in Sources */,
				6CA594861F631A9E00CF37AB /* AddSceneOperation.swift in Sources */,
				6CA594931F6331AA00CF37AB /* DismissSceneOperation.swift in Sources */,
				6CA594821F631A7600CF37AB /* InstallSceneOperation.swift in Sources */,
				6CA5948A1F63239600CF37AB /* PopSceneOperation.swift in Sources */,
				6C27A95C1F59E2C100311918 /* SceneBuilderBlock.swift in Sources */,
			);
			runOnlyForDeploymentPostprocessing = 0;
		};
/* End PBXSourcesBuildPhase section */

/* Begin PBXTargetDependency section */
		182774801F5C3B8400CD935F /* PBXTargetDependency */ = {
			isa = PBXTargetDependency;
			target = 6C27A94A1F59E1ED00311918 /* NavigatorSwift */;
			targetProxy = 1827747F1F5C3B8400CD935F /* PBXContainerItemProxy */;
		};
		6C1322F31F5ADDA900A7D3E9 /* PBXTargetDependency */ = {
			isa = PBXTargetDependency;
			target = 6C27A94A1F59E1ED00311918 /* NavigatorSwift */;
			targetProxy = 6C1322F21F5ADDA900A7D3E9 /* PBXContainerItemProxy */;
		};
		6CC4D3E91F5C540E001BDD9D /* PBXTargetDependency */ = {
			isa = PBXTargetDependency;
			target = 6C1322D91F5ADC4100A7D3E9 /* NavigationSwiftDemo */;
			targetProxy = 6CC4D3E81F5C540E001BDD9D /* PBXContainerItemProxy */;
		};
/* End PBXTargetDependency section */

/* Begin PBXVariantGroup section */
		6C1322E01F5ADC4100A7D3E9 /* Main.storyboard */ = {
			isa = PBXVariantGroup;
			children = (
				6C1322E11F5ADC4100A7D3E9 /* Base */,
			);
			name = Main.storyboard;
			sourceTree = "<group>";
		};
		6C1322E51F5ADC4100A7D3E9 /* LaunchScreen.storyboard */ = {
			isa = PBXVariantGroup;
			children = (
				6C1322E61F5ADC4100A7D3E9 /* Base */,
			);
			name = LaunchScreen.storyboard;
			sourceTree = "<group>";
		};
/* End PBXVariantGroup section */

/* Begin XCBuildConfiguration section */
		182774811F5C3B8400CD935F /* Debug */ = {
			isa = XCBuildConfiguration;
			buildSettings = {
				DEVELOPMENT_TEAM = L8YSUA92XX;
				FRAMEWORK_SEARCH_PATHS = (
					"$(inherited)",
					"$(PROJECT_DIR)/Carthage/Build/iOS",
				);
				INFOPLIST_FILE = NavigatorSwiftTests/Resources/Info.plist;
				LD_RUNPATH_SEARCH_PATHS = "$(inherited) @executable_path/Frameworks @loader_path/Frameworks";
				PRODUCT_BUNDLE_IDENTIFIER = self.jmpg93.NavigatorSwiftTests;
				PRODUCT_NAME = "$(TARGET_NAME)";
				SWIFT_VERSION = 3.0;
				TARGETED_DEVICE_FAMILY = "1,2";
			};
			name = Debug;
		};
		182774821F5C3B8400CD935F /* Release */ = {
			isa = XCBuildConfiguration;
			buildSettings = {
				DEVELOPMENT_TEAM = L8YSUA92XX;
				FRAMEWORK_SEARCH_PATHS = (
					"$(inherited)",
					"$(PROJECT_DIR)/Carthage/Build/iOS",
				);
				INFOPLIST_FILE = NavigatorSwiftTests/Resources/Info.plist;
				LD_RUNPATH_SEARCH_PATHS = "$(inherited) @executable_path/Frameworks @loader_path/Frameworks";
				PRODUCT_BUNDLE_IDENTIFIER = self.jmpg93.NavigatorSwiftTests;
				PRODUCT_NAME = "$(TARGET_NAME)";
				SWIFT_VERSION = 3.0;
				TARGETED_DEVICE_FAMILY = "1,2";
			};
			name = Release;
		};
		6C1322EA1F5ADC4100A7D3E9 /* Debug */ = {
			isa = XCBuildConfiguration;
			buildSettings = {
				ASSETCATALOG_COMPILER_APPICON_NAME = AppIcon;
				DEVELOPMENT_TEAM = L8YSUA92XX;
				FRAMEWORK_SEARCH_PATHS = (
					"$(inherited)",
					"$(PROJECT_DIR)/Carthage/Build/iOS",
				);
				INFOPLIST_FILE = "$(SRCROOT)/NavigationSwiftDemo/Resources/Info.plist";
				LD_RUNPATH_SEARCH_PATHS = "$(inherited) @executable_path/Frameworks";
				PRODUCT_BUNDLE_IDENTIFIER = self.jmpg93.NavigationSwiftDemo;
				PRODUCT_NAME = "$(TARGET_NAME)";
				SWIFT_VERSION = 3.0;
				TARGETED_DEVICE_FAMILY = "1,2";
			};
			name = Debug;
		};
		6C1322EB1F5ADC4100A7D3E9 /* Release */ = {
			isa = XCBuildConfiguration;
			buildSettings = {
				ASSETCATALOG_COMPILER_APPICON_NAME = AppIcon;
				DEVELOPMENT_TEAM = L8YSUA92XX;
				FRAMEWORK_SEARCH_PATHS = (
					"$(inherited)",
					"$(PROJECT_DIR)/Carthage/Build/iOS",
				);
				INFOPLIST_FILE = "$(SRCROOT)/NavigationSwiftDemo/Resources/Info.plist";
				LD_RUNPATH_SEARCH_PATHS = "$(inherited) @executable_path/Frameworks";
				PRODUCT_BUNDLE_IDENTIFIER = self.jmpg93.NavigationSwiftDemo;
				PRODUCT_NAME = "$(TARGET_NAME)";
				SWIFT_VERSION = 3.0;
				TARGETED_DEVICE_FAMILY = "1,2";
			};
			name = Release;
		};
		6C27A9511F59E1ED00311918 /* Debug */ = {
			isa = XCBuildConfiguration;
			buildSettings = {
				ALWAYS_SEARCH_USER_PATHS = NO;
				CLANG_ANALYZER_NONNULL = YES;
				CLANG_ANALYZER_NUMBER_OBJECT_CONVERSION = YES_AGGRESSIVE;
				CLANG_CXX_LANGUAGE_STANDARD = "gnu++14";
				CLANG_CXX_LIBRARY = "libc++";
				CLANG_ENABLE_MODULES = YES;
				CLANG_ENABLE_OBJC_ARC = YES;
				CLANG_WARN_BLOCK_CAPTURE_AUTORELEASING = YES;
				CLANG_WARN_BOOL_CONVERSION = YES;
				CLANG_WARN_COMMA = YES;
				CLANG_WARN_CONSTANT_CONVERSION = YES;
				CLANG_WARN_DIRECT_OBJC_ISA_USAGE = YES_ERROR;
				CLANG_WARN_DOCUMENTATION_COMMENTS = YES;
				CLANG_WARN_EMPTY_BODY = YES;
				CLANG_WARN_ENUM_CONVERSION = YES;
				CLANG_WARN_INFINITE_RECURSION = YES;
				CLANG_WARN_INT_CONVERSION = YES;
				CLANG_WARN_NON_LITERAL_NULL_CONVERSION = YES;
				CLANG_WARN_OBJC_LITERAL_CONVERSION = YES;
				CLANG_WARN_OBJC_ROOT_CLASS = YES_ERROR;
				CLANG_WARN_RANGE_LOOP_ANALYSIS = YES;
				CLANG_WARN_STRICT_PROTOTYPES = YES;
				CLANG_WARN_SUSPICIOUS_MOVE = YES;
				CLANG_WARN_UNGUARDED_AVAILABILITY = YES_AGGRESSIVE;
				CLANG_WARN_UNREACHABLE_CODE = YES;
				CLANG_WARN__DUPLICATE_METHOD_MATCH = YES;
				CODE_SIGN_IDENTITY = "iPhone Developer";
				COPY_PHASE_STRIP = NO;
				CURRENT_PROJECT_VERSION = 1;
				DEBUG_INFORMATION_FORMAT = dwarf;
				ENABLE_STRICT_OBJC_MSGSEND = YES;
				ENABLE_TESTABILITY = YES;
				GCC_C_LANGUAGE_STANDARD = gnu11;
				GCC_DYNAMIC_NO_PIC = NO;
				GCC_NO_COMMON_BLOCKS = YES;
				GCC_OPTIMIZATION_LEVEL = 0;
				GCC_PREPROCESSOR_DEFINITIONS = (
					"DEBUG=1",
					"$(inherited)",
				);
				GCC_WARN_64_TO_32_BIT_CONVERSION = YES;
				GCC_WARN_ABOUT_RETURN_TYPE = YES_ERROR;
				GCC_WARN_UNDECLARED_SELECTOR = YES;
				GCC_WARN_UNINITIALIZED_AUTOS = YES_AGGRESSIVE;
				GCC_WARN_UNUSED_FUNCTION = YES;
				GCC_WARN_UNUSED_VARIABLE = YES;
				IPHONEOS_DEPLOYMENT_TARGET = 10.3;
				MTL_ENABLE_DEBUG_INFO = YES;
				ONLY_ACTIVE_ARCH = YES;
				SDKROOT = iphoneos;
				SWIFT_ACTIVE_COMPILATION_CONDITIONS = DEBUG;
				SWIFT_OPTIMIZATION_LEVEL = "-Onone";
				SWIFT_VERSION = 3.0;
				VERSIONING_SYSTEM = "apple-generic";
				VERSION_INFO_PREFIX = "";
			};
			name = Debug;
		};
		6C27A9521F59E1ED00311918 /* Release */ = {
			isa = XCBuildConfiguration;
			buildSettings = {
				ALWAYS_SEARCH_USER_PATHS = NO;
				CLANG_ANALYZER_NONNULL = YES;
				CLANG_ANALYZER_NUMBER_OBJECT_CONVERSION = YES_AGGRESSIVE;
				CLANG_CXX_LANGUAGE_STANDARD = "gnu++14";
				CLANG_CXX_LIBRARY = "libc++";
				CLANG_ENABLE_MODULES = YES;
				CLANG_ENABLE_OBJC_ARC = YES;
				CLANG_WARN_BLOCK_CAPTURE_AUTORELEASING = YES;
				CLANG_WARN_BOOL_CONVERSION = YES;
				CLANG_WARN_COMMA = YES;
				CLANG_WARN_CONSTANT_CONVERSION = YES;
				CLANG_WARN_DIRECT_OBJC_ISA_USAGE = YES_ERROR;
				CLANG_WARN_DOCUMENTATION_COMMENTS = YES;
				CLANG_WARN_EMPTY_BODY = YES;
				CLANG_WARN_ENUM_CONVERSION = YES;
				CLANG_WARN_INFINITE_RECURSION = YES;
				CLANG_WARN_INT_CONVERSION = YES;
				CLANG_WARN_NON_LITERAL_NULL_CONVERSION = YES;
				CLANG_WARN_OBJC_LITERAL_CONVERSION = YES;
				CLANG_WARN_OBJC_ROOT_CLASS = YES_ERROR;
				CLANG_WARN_RANGE_LOOP_ANALYSIS = YES;
				CLANG_WARN_STRICT_PROTOTYPES = YES;
				CLANG_WARN_SUSPICIOUS_MOVE = YES;
				CLANG_WARN_UNGUARDED_AVAILABILITY = YES_AGGRESSIVE;
				CLANG_WARN_UNREACHABLE_CODE = YES;
				CLANG_WARN__DUPLICATE_METHOD_MATCH = YES;
				CODE_SIGN_IDENTITY = "iPhone Developer";
				COPY_PHASE_STRIP = NO;
				CURRENT_PROJECT_VERSION = 1;
				DEBUG_INFORMATION_FORMAT = "dwarf-with-dsym";
				ENABLE_NS_ASSERTIONS = NO;
				ENABLE_STRICT_OBJC_MSGSEND = YES;
				GCC_C_LANGUAGE_STANDARD = gnu11;
				GCC_NO_COMMON_BLOCKS = YES;
				GCC_WARN_64_TO_32_BIT_CONVERSION = YES;
				GCC_WARN_ABOUT_RETURN_TYPE = YES_ERROR;
				GCC_WARN_UNDECLARED_SELECTOR = YES;
				GCC_WARN_UNINITIALIZED_AUTOS = YES_AGGRESSIVE;
				GCC_WARN_UNUSED_FUNCTION = YES;
				GCC_WARN_UNUSED_VARIABLE = YES;
				IPHONEOS_DEPLOYMENT_TARGET = 10.3;
				MTL_ENABLE_DEBUG_INFO = NO;
				SDKROOT = iphoneos;
				SWIFT_OPTIMIZATION_LEVEL = "-Owholemodule";
				SWIFT_VERSION = 3.0;
				VALIDATE_PRODUCT = YES;
				VERSIONING_SYSTEM = "apple-generic";
				VERSION_INFO_PREFIX = "";
			};
			name = Release;
		};
		6C27A9541F59E1ED00311918 /* Debug */ = {
			isa = XCBuildConfiguration;
			buildSettings = {
				CLANG_ENABLE_MODULES = YES;
				CODE_SIGN_IDENTITY = "";
				DEFINES_MODULE = YES;
				DEVELOPMENT_TEAM = L8YSUA92XX;
				DYLIB_COMPATIBILITY_VERSION = 1;
				DYLIB_CURRENT_VERSION = 1;
				DYLIB_INSTALL_NAME_BASE = "@rpath";
				INFOPLIST_FILE = "$(SRCROOT)/NavigatorSwift/Resources/Info.plist";
				INSTALL_PATH = "$(LOCAL_LIBRARY_DIR)/Frameworks";
				LD_RUNPATH_SEARCH_PATHS = "$(inherited) @executable_path/Frameworks @loader_path/Frameworks";
				PRODUCT_BUNDLE_IDENTIFIER = self.jmpg93.NavigatorSwift;
				PRODUCT_NAME = "$(TARGET_NAME:c99extidentifier)";
				SKIP_INSTALL = YES;
				SWIFT_OPTIMIZATION_LEVEL = "-Onone";
				SWIFT_VERSION = 3.0;
				TARGETED_DEVICE_FAMILY = "1,2";
			};
			name = Debug;
		};
		6C27A9551F59E1ED00311918 /* Release */ = {
			isa = XCBuildConfiguration;
			buildSettings = {
				CLANG_ENABLE_MODULES = YES;
				CODE_SIGN_IDENTITY = "";
				DEFINES_MODULE = YES;
				DEVELOPMENT_TEAM = L8YSUA92XX;
				DYLIB_COMPATIBILITY_VERSION = 1;
				DYLIB_CURRENT_VERSION = 1;
				DYLIB_INSTALL_NAME_BASE = "@rpath";
				INFOPLIST_FILE = "$(SRCROOT)/NavigatorSwift/Resources/Info.plist";
				INSTALL_PATH = "$(LOCAL_LIBRARY_DIR)/Frameworks";
				LD_RUNPATH_SEARCH_PATHS = "$(inherited) @executable_path/Frameworks @loader_path/Frameworks";
				PRODUCT_BUNDLE_IDENTIFIER = self.jmpg93.NavigatorSwift;
				PRODUCT_NAME = "$(TARGET_NAME:c99extidentifier)";
				SKIP_INSTALL = YES;
				SWIFT_VERSION = 3.0;
				TARGETED_DEVICE_FAMILY = "1,2";
			};
			name = Release;
		};
/* End XCBuildConfiguration section */

/* Begin XCConfigurationList section */
		182774831F5C3B8400CD935F /* Build configuration list for PBXNativeTarget "NavigatorSwiftTests" */ = {
			isa = XCConfigurationList;
			buildConfigurations = (
				182774811F5C3B8400CD935F /* Debug */,
				182774821F5C3B8400CD935F /* Release */,
			);
			defaultConfigurationIsVisible = 0;
			defaultConfigurationName = Release;
		};
		6C1322E91F5ADC4100A7D3E9 /* Build configuration list for PBXNativeTarget "NavigationSwiftDemo" */ = {
			isa = XCConfigurationList;
			buildConfigurations = (
				6C1322EA1F5ADC4100A7D3E9 /* Debug */,
				6C1322EB1F5ADC4100A7D3E9 /* Release */,
			);
			defaultConfigurationIsVisible = 0;
			defaultConfigurationName = Release;
		};
		6C27A9451F59E1ED00311918 /* Build configuration list for PBXProject "NavigatorSwift" */ = {
			isa = XCConfigurationList;
			buildConfigurations = (
				6C27A9511F59E1ED00311918 /* Debug */,
				6C27A9521F59E1ED00311918 /* Release */,
			);
			defaultConfigurationIsVisible = 0;
			defaultConfigurationName = Release;
		};
		6C27A9531F59E1ED00311918 /* Build configuration list for PBXNativeTarget "NavigatorSwift" */ = {
			isa = XCConfigurationList;
			buildConfigurations = (
				6C27A9541F59E1ED00311918 /* Debug */,
				6C27A9551F59E1ED00311918 /* Release */,
			);
			defaultConfigurationIsVisible = 0;
			defaultConfigurationName = Release;
		};
/* End XCConfigurationList section */
	};
	rootObject = 6C27A9421F59E1ED00311918 /* Project object */;
}
